
Microsoft Visual Studio Solution File, Format Version 12.00
Project("{FAE04EC0-301F-11D3-BF4B-00C04F79EFBC}") = "PowerWordRelive.CLI", "PowerWordRelive.CLI\PowerWordRelive.CLI.csproj", "{FC25C5C1-F670-4F8A-B598-1C55EA7EEF11}"
EndProject
Project("{FAE04EC0-301F-11D3-BF4B-00C04F79EFBC}") = "PowerWordRelive.Infrastructure", "PowerWordRelive.Infrastructure\PowerWordRelive.Infrastructure.csproj", "{8A577C42-4735-4F9B-A102-C1BB972A4232}"
EndProject
Project("{FAE04EC0-301F-11D3-BF4B-00C04F79EFBC}") = "PowerWordRelive.Host", "PowerWordRelive.Host\PowerWordRelive.Host.csproj", "{97B53053-7F15-4564-B0DF-D238313D9123}"
EndProject
Project("{FAE04EC0-301F-11D3-BF4B-00C04F79EFBC}") = "PowerWordRelive.AudioCapture", "PowerWordRelive.AudioCapture\PowerWordRelive.AudioCapture.csproj", "{606112D3-4A98-4EDC-8AEE-81753E5872F8}"
EndProject
Project("{FAE04EC0-301F-11D3-BF4B-00C04F79EFBC}") = "PowerWordRelive.SpeakerSplit", "PowerWordRelive.SpeakerSplit\PowerWordRelive.SpeakerSplit.csproj", "{57A8FDC6-91B6-419E-8312-845683B70D5E}"
EndProject
Global
	GlobalSection(SolutionConfigurationPlatforms) = preSolution
		Debug|Any CPU = Debug|Any CPU
		Debug|x64 = Debug|x64
		Debug|x86 = Debug|x86
		Release|Any CPU = Release|Any CPU
		Release|x64 = Release|x64
		Release|x86 = Release|x86
	EndGlobalSection
	GlobalSection(ProjectConfigurationPlatforms) = postSolution
		{FC25C5C1-F670-4F8A-B598-1C55EA7EEF11}.Debug|Any CPU.ActiveCfg = Debug|Any CPU
		{FC25C5C1-F670-4F8A-B598-1C55EA7EEF11}.Debug|Any CPU.Build.0 = Debug|Any CPU
		{FC25C5C1-F670-4F8A-B598-1C55EA7EEF11}.Debug|x64.ActiveCfg = Debug|Any CPU
		{FC25C5C1-F670-4F8A-B598-1C55EA7EEF11}.Debug|x64.Build.0 = Debug|Any CPU
		{FC25C5C1-F670-4F8A-B598-1C55EA7EEF11}.Debug|x86.ActiveCfg = Debug|Any CPU
		{FC25C5C1-F670-4F8A-B598-1C55EA7EEF11}.Debug|x86.Build.0 = Debug|Any CPU
		{FC25C5C1-F670-4F8A-B598-1C55EA7EEF11}.Release|Any CPU.ActiveCfg = Release|Any CPU
		{FC25C5C1-F670-4F8A-B598-1C55EA7EEF11}.Release|Any CPU.Build.0 = Release|Any CPU
		{FC25C5C1-F670-4F8A-B598-1C55EA7EEF11}.Release|x64.ActiveCfg = Release|Any CPU
		{FC25C5C1-F670-4F8A-B598-1C55EA7EEF11}.Release|x64.Build.0 = Release|Any CPU
		{FC25C5C1-F670-4F8A-B598-1C55EA7EEF11}.Release|x86.ActiveCfg = Release|Any CPU
		{FC25C5C1-F670-4F8A-B598-1C55EA7EEF11}.Release|x86.Build.0 = Release|Any CPU
		{8A577C42-4735-4F9B-A102-C1BB972A4232}.Debug|Any CPU.ActiveCfg = Debug|Any CPU
		{8A577C42-4735-4F9B-A102-C1BB972A4232}.Debug|Any CPU.Build.0 = Debug|Any CPU
		{8A577C42-4735-4F9B-A102-C1BB972A4232}.Debug|x64.ActiveCfg = Debug|Any CPU
		{8A577C42-4735-4F9B-A102-C1BB972A4232}.Debug|x64.Build.0 = Debug|Any CPU
		{8A577C42-4735-4F9B-A102-C1BB972A4232}.Debug|x86.ActiveCfg = Debug|Any CPU
		{8A577C42-4735-4F9B-A102-C1BB972A4232}.Debug|x86.Build.0 = Debug|Any CPU
		{8A577C42-4735-4F9B-A102-C1BB972A4232}.Release|Any CPU.ActiveCfg = Release|Any CPU
		{8A577C42-4735-4F9B-A102-C1BB972A4232}.Release|Any CPU.Build.0 = Release|Any CPU
		{8A577C42-4735-4F9B-A102-C1BB972A4232}.Release|x64.ActiveCfg = Release|Any CPU
		{8A577C42-4735-4F9B-A102-C1BB972A4232}.Release|x64.Build.0 = Release|Any CPU
		{8A577C42-4735-4F9B-A102-C1BB972A4232}.Release|x86.ActiveCfg = Release|Any CPU
		{8A577C42-4735-4F9B-A102-C1BB972A4232}.Release|x86.Build.0 = Release|Any CPU
		{97B53053-7F15-4564-B0DF-D238313D9123}.Debug|Any CPU.ActiveCfg = Debug|Any CPU
		{97B53053-7F15-4564-B0DF-D238313D9123}.Debug|Any CPU.Build.0 = Debug|Any CPU
		{97B53053-7F15-4564-B0DF-D238313D9123}.Debug|x64.ActiveCfg = Debug|Any CPU
		{97B53053-7F15-4564-B0DF-D238313D9123}.Debug|x64.Build.0 = Debug|Any CPU
		{97B53053-7F15-4564-B0DF-D238313D9123}.Debug|x86.ActiveCfg = Debug|Any CPU
		{97B53053-7F15-4564-B0DF-D238313D9123}.Debug|x86.Build.0 = Debug|Any CPU
		{97B53053-7F15-4564-B0DF-D238313D9123}.Release|Any CPU.ActiveCfg = Release|Any CPU
		{97B53053-7F15-4564-B0DF-D238313D9123}.Release|Any CPU.Build.0 = Release|Any CPU
		{97B53053-7F15-4564-B0DF-D238313D9123}.Release|x64.ActiveCfg = Release|Any CPU
		{97B53053-7F15-4564-B0DF-D238313D9123}.Release|x64.Build.0 = Release|Any CPU
		{97B53053-7F15-4564-B0DF-D238313D9123}.Release|x86.ActiveCfg = Release|Any CPU
		{97B53053-7F15-4564-B0DF-D238313D9123}.Release|x86.Build.0 = Release|Any CPU
		{606112D3-4A98-4EDC-8AEE-81753E5872F8}.Debug|Any CPU.ActiveCfg = Debug|Any CPU
		{606112D3-4A98-4EDC-8AEE-81753E5872F8}.Debug|Any CPU.Build.0 = Debug|Any CPU
		{606112D3-4A98-4EDC-8AEE-81753E5872F8}.Debug|x64.ActiveCfg = Debug|Any CPU
		{606112D3-4A98-4EDC-8AEE-81753E5872F8}.Debug|x64.Build.0 = Debug|Any CPU
		{606112D3-4A98-4EDC-8AEE-81753E5872F8}.Debug|x86.ActiveCfg = Debug|Any CPU
		{606112D3-4A98-4EDC-8AEE-81753E5872F8}.Debug|x86.Build.0 = Debug|Any CPU
		{606112D3-4A98-4EDC-8AEE-81753E5872F8}.Release|Any CPU.ActiveCfg = Release|Any CPU
		{606112D3-4A98-4EDC-8AEE-81753E5872F8}.Release|Any CPU.Build.0 = Release|Any CPU
		{606112D3-4A98-4EDC-8AEE-81753E5872F8}.Release|x64.ActiveCfg = Release|Any CPU
		{606112D3-4A98-4EDC-8AEE-81753E5872F8}.Release|x64.Build.0 = Release|Any CPU
		{606112D3-4A98-4EDC-8AEE-81753E5872F8}.Release|x86.ActiveCfg = Release|Any CPU
		{606112D3-4A98-4EDC-8AEE-81753E5872F8}.Release|x86.Build.0 = Release|Any CPU
		{57A8FDC6-91B6-419E-8312-845683B70D5E}.Debug|Any CPU.ActiveCfg = Debug|Any CPU
		{57A8FDC6-91B6-419E-8312-845683B70D5E}.Debug|Any CPU.Build.0 = Debug|Any CPU
		{57A8FDC6-91B6-419E-8312-845683B70D5E}.Debug|x64.ActiveCfg = Debug|Any CPU
		{57A8FDC6-91B6-419E-8312-845683B70D5E}.Debug|x64.Build.0 = Debug|Any CPU
		{57A8FDC6-91B6-419E-8312-845683B70D5E}.Debug|x86.ActiveCfg = Debug|Any CPU
		{57A8FDC6-91B6-419E-8312-845683B70D5E}.Debug|x86.Build.0 = Debug|Any CPU
		{57A8FDC6-91B6-419E-8312-845683B70D5E}.Release|Any CPU.ActiveCfg = Release|Any CPU
		{57A8FDC6-91B6-419E-8312-845683B70D5E}.Release|Any CPU.Build.0 = Release|Any CPU
		{57A8FDC6-91B6-419E-8312-845683B70D5E}.Release|x64.ActiveCfg = Release|Any CPU
		{57A8FDC6-91B6-419E-8312-845683B70D5E}.Release|x64.Build.0 = Release|Any CPU
		{57A8FDC6-91B6-419E-8312-845683B70D5E}.Release|x86.ActiveCfg = Release|Any CPU
		{57A8FDC6-91B6-419E-8312-845683B70D5E}.Release|x86.Build.0 = Release|Any CPU
	EndGlobalSection
	GlobalSection(SolutionProperties) = preSolution
		HideSolutionNode = FALSE
	EndGlobalSection
EndGlobal
